PODS:
  - AEXML (4.5.0)
  - BartyCrouch (4.0.2)
  - Crashlytics (3.14.0):
    - Fabric (~> 1.10.2)
  - CryptoSwift (1.3.1)
  - Fabric (1.10.2)
  - KeyHolder (3.0.1):
    - Magnet (~> 2.3)
  - LetsMove (1.24)
  - LoginServiceKit (2.2.0)
  - Magnet (2.3.1)
  - Nimble (8.0.7)
  - PINCache (2.3)
  - Quick (2.2.0)
  - Realm (4.4.1):
    - Realm/Headers (= 4.4.1)
  - Realm/Headers (4.4.1)
  - RealmSwift (4.4.1):
    - Realm (= 4.4.1)
  - RxCocoa (5.1.1):
    - RxRelay (~> 5)
    - RxSwift (~> 5)
  - RxOptional (4.1.0):
    - RxCocoa (~> 5)
    - RxSwift (~> 5)
  - RxRealm (2.0.0):
    - RealmSwift (~> 4.0)
    - RxSwift (~> 5.0)
  - RxRelay (5.1.1):
    - RxSwift (~> 5)
  - RxScreeen (1.4.0):
    - RxCocoa (~> 5.0)
    - RxSwift (~> 5.0)
    - Screeen (~> 1.3)
  - RxSwift (5.1.1)
  - Sauce (2.0.2)
  - Screeen (1.3.0)
  - Sparkle (1.22.0)
  - SwiftGen (6.1.0)
  - SwiftHEXColors (1.4.0)
  - SwiftLint (0.36.0)

DEPENDENCIES:
  - AEXML
  - BartyCrouch
  - Crashlytics
  - CryptoSwift
  - Fabric
  - KeyHolder
  - LetsMove
  - LoginServiceKit (from `https://github.com/Clipy/LoginServiceKit.git`)
  - Nimble
  - PINCache
  - Quick
  - RealmSwift
  - RxCocoa
  - RxOptional
  - RxRealm
  - RxScreeen
  - RxSwift
  - Sauce
  - Sparkle
  - SwiftGen
  - SwiftHEXColors
  - SwiftLint

SPEC REPOS:
  https://github.com/CocoaPods/Specs.git:
    - AEXML
    - BartyCrouch
    - Crashlytics
    - CryptoSwift
    - Fabric
    - KeyHolder
    - LetsMove
    - Magnet
    - Nimble
    - PINCache
    - Quick
    - Realm
    - RealmSwift
    - RxCocoa
    - RxOptional
    - RxRealm
    - RxRelay
    - RxScreeen
    - RxSwift
    - Sauce
    - Screeen
    - Sparkle
    - SwiftGen
    - SwiftHEXColors
    - SwiftLint

EXTERNAL SOURCES:
  LoginServiceKit:
    :git: https://github.com/Clipy/LoginServiceKit.git

CHECKOUT OPTIONS:
  LoginServiceKit:
    :commit: d8c24ad7e9b48294a8ae47f94bb1debeba74e102
    :git: https://github.com/Clipy/LoginServiceKit.git

SPEC CHECKSUMS:
  AEXML: 0e8f1d874fa033ca6b3909452a8bc362faad46e6
  BartyCrouch: 3f3501276901326bf4150341ad801467da972e43
  Crashlytics: 540b7e5f5da5a042647227a5e3ac51d85eed06df
  CryptoSwift: f12f037f6d0fcd6d48c96db0071b653de64e6c4d
  Fabric: 706c8b8098fff96c33c0db69cbf81f9c551d0d74
  KeyHolder: 142932db4eac7420b003e2eae94c9a61b8b53cb1
  LetsMove: fefe56bc7bc7fb7d37049e28a14f297961229fc5
  LoginServiceKit: 3c86ce2f2bcd1e373326839d6d863d8a6a5915b4
  Magnet: f8dac2ffc845ffe68b2dd21c68a801f866f4a098
  Nimble: a73af6ecd4c9106f434f3d55fc54570be3739e0b
  PINCache: ce36ed282031b92fc7733ffe831f474ff80fddc2
  Quick: 7fb19e13be07b5dfb3b90d4f9824c855a11af40e
  Realm: 4eb04d7487bd43c0581256f40b424eafb711deff
  RealmSwift: 3eb8924ff7100df5928c7602f71d0fec51e7c9c5
  RxCocoa: 32065309a38d29b5b0db858819b5bf9ef038b601
  RxOptional: b1fcd60856807a564c0215c2184b8d33e7826dc2
  RxRealm: 900f5c7e6f0a2d6527b56eaf7283f3035ec1e8ba
  RxRelay: d77f7d771495f43c556cbc43eebd1bb54d01e8e9
  RxScreeen: 5ba3d4047d7837d5478711c4f1cda5303a306120
  RxSwift: 81470a2074fa8780320ea5fe4102807cb7118178
  Sauce: 46716849891b07f6623e5dceca179691b76ae53e
  Screeen: caafccf0bdcc5d4ff175d04ceebfab432a62276a
  Sparkle: 593ac2e677c07bcb6c3b22d621240e7cbedaab57
  SwiftGen: f872ca75cbd17bf7103c17f13dcfa0d9a15667b0
  SwiftHEXColors: c5baa53cf2412ce6391633ce74999437cc025efc
  SwiftLint: fc9859e4e1752340664851f667bb1898b9c90114

PODFILE CHECKSUM: 904eed8323ae0d2c81e34cca932266a02e667f75

COCOAPODS: 1.8.4
